# THIS IS AN AUTOGENERATED FILE. DO NOT EDIT THIS FILE DIRECTLY.
# yarn lockfile v1


"@ant-design/colors@^6.0.0":
  version "6.0.0"
  resolved "https://registry.yarnpkg.com/@ant-design/colors/-/colors-6.0.0.tgz#9b9366257cffcc47db42b9d0203bb592c13c0298"
  integrity sha512-qAZRvPzfdWHtfameEGP2Qvuf838NhergR35o+EuVyB5XvSA98xod5r4utvi4TJ3ywmevm290g9nsCG5MryrdWQ==
  dependencies:
    "@ctrl/tinycolor" "^3.4.0"

"@ant-design/icons-svg@^4.2.1":
  version "4.2.1"
  resolved "https://registry.yarnpkg.com/@ant-design/icons-svg/-/icons-svg-4.2.1.tgz#8630da8eb4471a4aabdaed7d1ff6a97dcb2cf05a"
  integrity sha512-EB0iwlKDGpG93hW8f85CTJTs4SvMX7tt5ceupvhALp1IF44SeUFOMhKUOYqpsoYWQKAOuTRDMqn75rEaKDp0Xw==

"@ant-design/icons@^4.6.3", "@ant-design/icons@^4.7.0":
  version "4.7.0"
  resolved "https://registry.yarnpkg.com/@ant-design/icons/-/icons-4.7.0.tgz#8c3cbe0a556ba92af5dc7d1e70c0b25b5179af0f"
  integrity sha512-aoB4Z7JA431rt6d4u+8xcNPPCrdufSRMUOpxa1ab6mz1JCQZOEVolj2WVs/tDFmN62zzK30mNelEsprLYsSF3g==
  dependencies:
    "@ant-design/colors" "^6.0.0"
    "@ant-design/icons-svg" "^4.2.1"
    "@babel/runtime" "^7.11.2"
    classnames "^2.2.6"
    rc-util "^5.9.4"

"@ant-design/react-slick@~0.28.1":
  version "0.28.4"
  resolved "https://registry.yarnpkg.com/@ant-design/react-slick/-/react-slick-0.28.4.tgz#8b296b87ad7c7ae877f2a527b81b7eebd9dd29a9"
  integrity sha512-j9eAHTn7GxbXUFNknJoHS2ceAsqrQi2j8XykjZE1IXCD8kJF+t28EvhBLniDpbOsBk/3kjalnhriTfZcjBHNqg==
  dependencies:
    "@babel/runtime" "^7.10.4"
    classnames "^2.2.5"
    json2mq "^0.2.0"
    lodash "^4.17.21"
    resize-observer-polyfill "^1.5.0"

"@babel/runtime@^7.10.1", "@babel/runtime@^7.10.2", "@babel/runtime@^7.10.4", "@babel/runtime@^7.11.1", "@babel/runtime@^7.11.2", "@babel/runtime@^7.12.5", "@babel/runtime@^7.15.4", "@babel/runtime@^7.8.4", "@babel/runtime@^7.9.2":
  version "7.16.0"
  resolved "https://registry.yarnpkg.com/@babel/runtime/-/runtime-7.16.0.tgz#e27b977f2e2088ba24748bf99b5e1dece64e4f0b"
  integrity sha512-Nht8L0O8YCktmsDV6FqFue7vQLRx3Hb0B37lS5y0jDRqRxlBG4wIJHnf9/bgSE2UyipKFA01YtS+npRdTWBUyw==
  dependencies:
    regenerator-runtime "^0.13.4"

"@ctrl/tinycolor@^3.4.0":
  version "3.4.0"
  resolved "https://registry.yarnpkg.com/@ctrl/tinycolor/-/tinycolor-3.4.0.tgz#c3c5ae543c897caa9c2a68630bed355be5f9990f"
  integrity sha512-JZButFdZ1+/xAfpguQHoabIXkcqRRKpMrWKBkpEZZyxfY9C1DpADFB8PEqGSTeFr135SaTRfKqGKx5xSCLI7ZQ==

"@types/hoist-non-react-statics@^3.3.0":
  version "3.3.1"
  resolved "https://registry.yarnpkg.com/@types/hoist-non-react-statics/-/hoist-non-react-statics-3.3.1.tgz#1124aafe5118cb591977aeb1ceaaed1070eb039f"
  integrity sha512-iMIqiko6ooLrTh1joXodJK5X9xeEALT1kM5G3ZLhD3hszxBdIEd5C75U834D9mLcINgD4OyZf5uQXjkuYydWvA==
  dependencies:
    "@types/react" "*"
    hoist-non-react-statics "^3.3.0"

"@types/lodash@^4.14.175":
  version "4.14.176"
  resolved "https://registry.yarnpkg.com/@types/lodash/-/lodash-4.14.176.tgz#641150fc1cda36fbfa329de603bbb175d7ee20c0"
  integrity sha512-xZmuPTa3rlZoIbtDUyJKZQimJV3bxCmzMIO2c9Pz9afyDro6kr7R79GwcB6mRhuoPmV2p1Vb66WOJH7F886WKQ==

"@types/prop-types@*":
  version "15.7.4"
  resolved "https://registry.yarnpkg.com/@types/prop-types/-/prop-types-15.7.4.tgz#fcf7205c25dff795ee79af1e30da2c9790808f11"
  integrity sha512-rZ5drC/jWjrArrS8BR6SIr4cWpW09RNTYt9AMZo3Jwwif+iacXAqgVjm0B0Bv/S1jhDXKHqRVNCbACkJ89RAnQ==

"@types/react-redux@^7.1.20":
  version "7.1.20"
  resolved "https://registry.yarnpkg.com/@types/react-redux/-/react-redux-7.1.20.tgz#42f0e61ababb621e12c66c96dda94c58423bd7df"
  integrity sha512-q42es4c8iIeTgcnB+yJgRTTzftv3eYYvCZOh1Ckn2eX/3o5TdsQYKUWpLoLuGlcY/p+VAhV9IOEZJcWk/vfkXw==
  dependencies:
    "@types/hoist-non-react-statics" "^3.3.0"
    "@types/react" "*"
    hoist-non-react-statics "^3.3.0"
    redux "^4.0.0"

"@types/react@*":
  version "17.0.34"
  resolved "https://registry.yarnpkg.com/@types/react/-/react-17.0.34.tgz#797b66d359b692e3f19991b6b07e4b0c706c0102"
  integrity sha512-46FEGrMjc2+8XhHXILr+3+/sTe3OfzSPU9YGKILLrUYbQ1CLQC9Daqo1KzENGXAWwrFwiY0l4ZbF20gRvgpWTg==
  dependencies:
    "@types/prop-types" "*"
    "@types/scheduler" "*"
    csstype "^3.0.2"

"@types/scheduler@*":
  version "0.16.2"
  resolved "https://registry.yarnpkg.com/@types/scheduler/-/scheduler-0.16.2.tgz#1a62f89525723dde24ba1b01b092bf5df8ad4d39"
  integrity sha512-hppQEBDmlwhFAXKJX2KnWLYu5yMfi91yazPb2l+lbJiwW+wdo1gNeRA+3RgNSO39WYX2euey41KEwnqesU2Jew==

antd@^4.16.13:
  version "4.16.13"
  resolved "https://registry.yarnpkg.com/antd/-/antd-4.16.13.tgz#e9b9b4a590db28747aae1cab98981649a35880af"
  integrity sha512-EMPD3fzKe7oayx9keD/GA1oKatcx7j5CGlkJj5eLS0/eEDDEkxVj3DFmKOPuHYt4BK7ltTzMFS+quSTmqUXPiw==
  dependencies:
    "@ant-design/colors" "^6.0.0"
    "@ant-design/icons" "^4.6.3"
    "@ant-design/react-slick" "~0.28.1"
    "@babel/runtime" "^7.12.5"
    array-tree-filter "^2.1.0"
    classnames "^2.2.6"
    copy-to-clipboard "^3.2.0"
    lodash "^4.17.21"
    moment "^2.25.3"
    rc-cascader "~1.4.0"
    rc-checkbox "~2.3.0"
    rc-collapse "~3.1.0"
    rc-dialog "~8.6.0"
    rc-drawer "~4.3.0"
    rc-dropdown "~3.2.0"
    rc-field-form "~1.20.0"
    rc-image "~5.2.5"
    rc-input-number "~7.1.0"
    rc-mentions "~1.6.1"
    rc-menu "~9.0.12"
    rc-motion "^2.4.0"
    rc-notification "~4.5.7"
    rc-pagination "~3.1.9"
    rc-picker "~2.5.10"
    rc-progress "~3.1.0"
    rc-rate "~2.9.0"
    rc-resize-observer "^1.0.0"
    rc-select "~12.1.6"
    rc-slider "~9.7.1"
    rc-steps "~4.1.0"
    rc-switch "~3.2.0"
    rc-table "~7.15.1"
    rc-tabs "~11.10.0"
    rc-textarea "~0.3.0"
    rc-tooltip "~5.1.1"
    rc-tree "~4.2.1"
    rc-tree-select "~4.3.0"
    rc-trigger "^5.2.10"
    rc-upload "~4.3.0"
    rc-util "^5.13.1"
    scroll-into-view-if-needed "^2.2.25"

array-tree-filter@^2.1.0:
  version "2.1.0"
  resolved "https://registry.yarnpkg.com/array-tree-filter/-/array-tree-filter-2.1.0.tgz#873ac00fec83749f255ac8dd083814b4f6329190"
  integrity sha512-4ROwICNlNw/Hqa9v+rk5h22KjmzB1JGTMVKP2AKJBOCgb0yL0ASf0+YvCcLNNwquOHNX48jkeZIJ3a+oOQqKcw==

async-validator@^3.0.3:
  version "3.5.2"
  resolved "https://registry.yarnpkg.com/async-validator/-/async-validator-3.5.2.tgz#68e866a96824e8b2694ff7a831c1a25c44d5e500"
  integrity sha512-8eLCg00W9pIRZSB781UUX/H6Oskmm8xloZfr09lz5bikRpBVDlJ3hRVuxxP1SxcwsEYfJ4IU8Q19Y8/893r3rQ==

attr-accept@^2.2.1:
  version "2.2.2"
  resolved "https://registry.yarnpkg.com/attr-accept/-/attr-accept-2.2.2.tgz#646613809660110749e92f2c10833b70968d929b"
  integrity sha512-7prDjvt9HmqiZ0cl5CRjtS84sEyhsHP2coDkaZKRKVfCDo9s7iw7ChVmar78Gu9pC4SoR/28wFu/G5JJhTnqEg==

axios@^0.24.0:
  version "0.24.0"
  resolved "https://registry.yarnpkg.com/axios/-/axios-0.24.0.tgz#804e6fa1e4b9c5288501dd9dff56a7a0940d20d6"
  integrity sha512-Q6cWsys88HoPgAaFAVUb0WpPk0O8iTeisR9IMqy9G8AbO4NlpVknrnQS03zzF9PGAWgO3cgletO3VjV/P7VztA==
  dependencies:
    follow-redirects "^1.14.4"

classnames@2.x, classnames@^2.2.1, classnames@^2.2.3, classnames@^2.2.5, classnames@^2.2.6:
  version "2.3.1"
  resolved "https://registry.yarnpkg.com/classnames/-/classnames-2.3.1.tgz#dfcfa3891e306ec1dad105d0e88f4417b8535e8e"
  integrity sha512-OlQdbZ7gLfGarSqxesMesDa5uz7KFbID8Kpq/SxIoNGDqY8lSYs0D+hhtBXhcdB3rcbXArFr7vlHheLk1voeNA==

compute-scroll-into-view@^1.0.17:
  version "1.0.17"
  resolved "https://registry.yarnpkg.com/compute-scroll-into-view/-/compute-scroll-into-view-1.0.17.tgz#6a88f18acd9d42e9cf4baa6bec7e0522607ab7ab"
  integrity sha512-j4dx+Fb0URmzbwwMUrhqWM2BEWHdFGx+qZ9qqASHRPqvTYdqvWnHg0H1hIbcyLnvgnoNAVMlwkepyqM3DaIFUg==

copy-to-clipboard@^3.2.0:
  version "3.3.1"
  resolved "https://registry.yarnpkg.com/copy-to-clipboard/-/copy-to-clipboard-3.3.1.tgz#115aa1a9998ffab6196f93076ad6da3b913662ae"
  integrity sha512-i13qo6kIHTTpCm8/Wup+0b1mVWETvu2kIMzKoK8FpkLkFxlt0znUAHcMzox+T8sPlqtZXq3CulEjQHsYiGFJUw==
  dependencies:
    toggle-selection "^1.0.6"

csstype@^3.0.2:
  version "3.0.9"
  resolved "https://registry.yarnpkg.com/csstype/-/csstype-3.0.9.tgz#6410af31b26bd0520933d02cbc64fce9ce3fbf0b"
  integrity sha512-rpw6JPxK6Rfg1zLOYCSwle2GFOOsnjmDYDaBwEcwoOg4qlsIVCN789VkBZDJAGi4T07gI4YSutR43t9Zz4Lzuw==

date-fns@2.x:
  version "2.25.0"
  resolved "https://registry.yarnpkg.com/date-fns/-/date-fns-2.25.0.tgz#8c5c8f1d958be3809a9a03f4b742eba894fc5680"
  integrity sha512-ovYRFnTrbGPD4nqaEqescPEv1mNwvt+UTqI3Ay9SzNtey9NZnYu6E2qCcBBgJ6/2VF1zGGygpyTDITqpQQ5e+w==

dayjs@1.x:
  version "1.10.7"
  resolved "https://registry.yarnpkg.com/dayjs/-/dayjs-1.10.7.tgz#2cf5f91add28116748440866a0a1d26f3a6ce468"
  integrity sha512-P6twpd70BcPK34K26uJ1KT3wlhpuOAPoMwJzpsIWUxHZ7wpmbdZL/hQqBDfz7hGurYSa5PhzdhDHtt319hL3ig==

deepmerge@^2.1.1:
  version "2.2.1"
  resolved "https://registry.yarnpkg.com/deepmerge/-/deepmerge-2.2.1.tgz#5d3ff22a01c00f645405a2fbc17d0778a1801170"
  integrity sha512-R9hc1Xa/NOBi9WRVUWg19rl1UB7Tt4kuPd+thNJgFZoxXsTz7ncaPaeIm+40oSGuP33DfMb4sZt1QIGiJzC4EA==

dom-align@^1.7.0:
  version "1.12.2"
  resolved "https://registry.yarnpkg.com/dom-align/-/dom-align-1.12.2.tgz#0f8164ebd0c9c21b0c790310493cd855892acd4b"
  integrity sha512-pHuazgqrsTFrGU2WLDdXxCFabkdQDx72ddkraZNih1KsMcN5qsRSTR9O4VJRlwTPCPb5COYg3LOfiMHHcPInHg==

file-selector@^0.2.2:
  version "0.2.4"
  resolved "https://registry.yarnpkg.com/file-selector/-/file-selector-0.2.4.tgz#7b98286f9dbb9925f420130ea5ed0a69238d4d80"
  integrity sha512-ZDsQNbrv6qRi1YTDOEWzf5J2KjZ9KMI1Q2SGeTkCJmNNW25Jg4TW4UMcmoqcg4WrAyKRcpBXdbWRxkfrOzVRbA==
  dependencies:
    tslib "^2.0.3"

follow-redirects@^1.14.4:
  version "1.14.5"
  resolved "https://registry.yarnpkg.com/follow-redirects/-/follow-redirects-1.14.5.tgz#f09a5848981d3c772b5392309778523f8d85c381"
  integrity sha512-wtphSXy7d4/OR+MvIFbCVBDzZ5520qV8XfPklSN5QtxuMUJZ+b0Wnst1e1lCDocfzuCkHqj8k0FpZqO+UIaKNA==

formik@^2.2.9:
  version "2.2.9"
  resolved "https://registry.yarnpkg.com/formik/-/formik-2.2.9.tgz#8594ba9c5e2e5cf1f42c5704128e119fc46232d0"
  integrity sha512-LQLcISMmf1r5at4/gyJigGn0gOwFbeEAlji+N9InZF6LIMXnFNkO42sCI8Jt84YZggpD4cPWObAZaxpEFtSzNA==
  dependencies:
    deepmerge "^2.1.1"
    hoist-non-react-statics "^3.3.0"
    lodash "^4.17.21"
    lodash-es "^4.17.21"
    react-fast-compare "^2.0.1"
    tiny-warning "^1.0.2"
    tslib "^1.10.0"

hoist-non-react-statics@^3.3.0, hoist-non-react-statics@^3.3.2:
  version "3.3.2"
  resolved "https://registry.yarnpkg.com/hoist-non-react-statics/-/hoist-non-react-statics-3.3.2.tgz#ece0acaf71d62c2969c2ec59feff42a4b1a85b45"
  integrity sha512-/gGivxi8JPKWNm/W0jSmzcMPpfpPLc3dY/6GxhX2hQ9iGj3aDfklV4ET7NjKpSinLpJ5vafa9iiGIEZg10SfBw==
  dependencies:
    react-is "^16.7.0"

"js-tokens@^3.0.0 || ^4.0.0":
  version "4.0.0"
  resolved "https://registry.yarnpkg.com/js-tokens/-/js-tokens-4.0.0.tgz#19203fb59991df98e3a287050d4647cdeaf32499"
  integrity sha512-RdJUflcE3cUzKiMqQgsCu06FPu9UdIJO0beYbPhHN4k6apgJtifcoCtT9bcxOpYBtpD2kCM6Sbzg4CausW/PKQ==

json2mq@^0.2.0:
  version "0.2.0"
  resolved "https://registry.yarnpkg.com/json2mq/-/json2mq-0.2.0.tgz#b637bd3ba9eabe122c83e9720483aeb10d2c904a"
  integrity sha1-tje9O6nqvhIsg+lyBIOusQ0skEo=
  dependencies:
    string-convert "^0.2.0"

lodash-es@^4.17.21:
  version "4.17.21"
  resolved "https://registry.yarnpkg.com/lodash-es/-/lodash-es-4.17.21.tgz#43e626c46e6591b7750beb2b50117390c609e3ee"
  integrity sha512-mKnC+QJ9pWVzv+C4/U3rRsHapFfHvQFoFB92e52xeyGMcX6/OlIl78je1u8vePzYZSkkogMPJ2yjxxsb89cxyw==

lodash@^4.17.21:
  version "4.17.21"
  resolved "https://registry.yarnpkg.com/lodash/-/lodash-4.17.21.tgz#679591c564c3bffaae8454cf0b3df370c3d6911c"
  integrity sha512-v2kDEe57lecTulaDIuNTPy3Ry4gLGJ6Z1O3vE1krgXZNrsQ+LFTGHVxVjcXPs17LhbZVGedAJv8XZ1tvj5FvSg==

loose-envify@^1.0.0, loose-envify@^1.4.0:
  version "1.4.0"
  resolved "https://registry.yarnpkg.com/loose-envify/-/loose-envify-1.4.0.tgz#71ee51fa7be4caec1a63839f7e682d8132d30caf"
  integrity sha512-lyuxPGr/Wfhrlem2CL/UcnUc1zcqKAImBDzukY7Y5F/yQiNdko6+fRLevlw1HgMySw7f611UIY408EtxRSoK3Q==
  dependencies:
    js-tokens "^3.0.0 || ^4.0.0"

moment@^2.24.0, moment@^2.25.3:
  version "2.29.1"
  resolved "https://registry.yarnpkg.com/moment/-/moment-2.29.1.tgz#b2be769fa31940be9eeea6469c075e35006fa3d3"
  integrity sha512-kHmoybcPV8Sqy59DwNDY3Jefr64lK/by/da0ViFcuA4DH0vQg5Q6Ze5VimxkfQNSC+Mls/Kx53s7TjP1RhFEDQ==

nanoclone@^0.2.1:
  version "0.2.1"
  resolved "https://registry.yarnpkg.com/nanoclone/-/nanoclone-0.2.1.tgz#dd4090f8f1a110d26bb32c49ed2f5b9235209ed4"
  integrity sha512-wynEP02LmIbLpcYw8uBKpcfF6dmg2vcpKqxeH5UcoKEYdExslsdUA4ugFauuaeYdTB76ez6gJW8XAZ6CgkXYxA==

object-assign@^4.1.1:
  version "4.1.1"
  resolved "https://registry.yarnpkg.com/object-assign/-/object-assign-4.1.1.tgz#2109adc7965887cfc05cbbd442cac8bfbb360863"
  integrity sha1-IQmtx5ZYh8/AXLvUQsrIv7s2CGM=

prop-types@^15.7.2:
  version "15.7.2"
  resolved "https://registry.yarnpkg.com/prop-types/-/prop-types-15.7.2.tgz#52c41e75b8c87e72b9d9360e0206b99dcbffa6c5"
  integrity sha512-8QQikdH7//R2vurIJSutZ1smHYTcLpRWEOlHnzcWHmBYrOGUysKwSsrC89BCiFj3CbrfJ/nXFdJepOVrY1GCHQ==
  dependencies:
    loose-envify "^1.4.0"
    object-assign "^4.1.1"
    react-is "^16.8.1"

property-expr@^2.0.4:
  version "2.0.4"
  resolved "https://registry.yarnpkg.com/property-expr/-/property-expr-2.0.4.tgz#37b925478e58965031bb612ec5b3260f8241e910"
  integrity sha512-sFPkHQjVKheDNnPvotjQmm3KD3uk1fWKUN7CrpdbwmUx3CrG3QiM8QpTSimvig5vTXmTvjz7+TDvXOI9+4rkcg==

rc-align@^4.0.0:
  version "4.0.11"
  resolved "https://registry.yarnpkg.com/rc-align/-/rc-align-4.0.11.tgz#8198c62db266bc1b8ef05e56c13275bf72628a5e"
  integrity sha512-n9mQfIYQbbNTbefyQnRHZPWuTEwG1rY4a9yKlIWHSTbgwI+XUMGRYd0uJ5pE2UbrNX0WvnMBA1zJ3Lrecpra/A==
  dependencies:
    "@babel/runtime" "^7.10.1"
    classnames "2.x"
    dom-align "^1.7.0"
    lodash "^4.17.21"
    rc-util "^5.3.0"
    resize-observer-polyfill "^1.5.1"

rc-cascader@~1.4.0:
  version "1.4.3"
  resolved "https://registry.yarnpkg.com/rc-cascader/-/rc-cascader-1.4.3.tgz#d91b0dcf8157b60ebe9ec3e58b4db054d5299464"
  integrity sha512-Q4l9Mv8aaISJ+giVnM9IaXxDeMqHUGLvi4F+LksS6pHlaKlN4awop/L+IMjIXpL+ug/ojaCyv/ixcVopJYYCVA==
  dependencies:
    "@babel/runtime" "^7.12.5"
    array-tree-filter "^2.1.0"
    rc-trigger "^5.0.4"
    rc-util "^5.0.1"
    warning "^4.0.1"

rc-checkbox@~2.3.0:
  version "2.3.2"
  resolved "https://registry.yarnpkg.com/rc-checkbox/-/rc-checkbox-2.3.2.tgz#f91b3678c7edb2baa8121c9483c664fa6f0aefc1"
  integrity sha512-afVi1FYiGv1U0JlpNH/UaEXdh6WUJjcWokj/nUN2TgG80bfG+MDdbfHKlLcNNba94mbjy2/SXJ1HDgrOkXGAjg==
  dependencies:
    "@babel/runtime" "^7.10.1"
    classnames "^2.2.1"

rc-collapse@~3.1.0:
  version "3.1.2"
  resolved "https://registry.yarnpkg.com/rc-collapse/-/rc-collapse-3.1.2.tgz#76028a811b845d03d9460ccc409c7ea8ad09db14"
  integrity sha512-HujcKq7mghk/gVKeI6EjzTbb8e19XUZpakrYazu1MblEZ3Hu3WBMSN4A3QmvbF6n1g7x6lUlZvsHZ5shABWYOQ==
  dependencies:
    "@babel/runtime" "^7.10.1"
    classnames "2.x"
    rc-motion "^2.3.4"
    rc-util "^5.2.1"
    shallowequal "^1.1.0"

rc-dialog@~8.6.0:
  version "8.6.0"
  resolved "https://registry.yarnpkg.com/rc-dialog/-/rc-dialog-8.6.0.tgz#3b228dac085de5eed8c6237f31162104687442e7"
  integrity sha512-GSbkfqjqxpZC5/zc+8H332+q5l/DKUhpQr0vdX2uDsxo5K0PhvaMEVjyoJUTkZ3+JstEADQji1PVLVb/2bJeOQ==
  dependencies:
    "@babel/runtime" "^7.10.1"
    classnames "^2.2.6"
    rc-motion "^2.3.0"
    rc-util "^5.6.1"

rc-drawer@~4.3.0:
  version "4.3.1"
  resolved "https://registry.yarnpkg.com/rc-drawer/-/rc-drawer-4.3.1.tgz#356333a7af01b777abd685c96c2ce62efb44f3f3"
  integrity sha512-GMfFy4maqxS9faYXEhQ+0cA1xtkddEQzraf6SAdzWbn444DrrLogwYPk1NXSpdXjLCLxgxOj9MYtyYG42JsfXg==
  dependencies:
    "@babel/runtime" "^7.10.1"
    classnames "^2.2.6"
    rc-util "^5.7.0"

rc-dropdown@^3.2.0, rc-dropdown@~3.2.0:
  version "3.2.0"
  resolved "https://registry.yarnpkg.com/rc-dropdown/-/rc-dropdown-3.2.0.tgz#da6c2ada403842baee3a9e909a0b1a91ba3e1090"
  integrity sha512-j1HSw+/QqlhxyTEF6BArVZnTmezw2LnSmRk6I9W7BCqNCKaRwleRmMMs1PHbuaG8dKHVqP6e21RQ7vPBLVnnNw==
  dependencies:
    "@babel/runtime" "^7.10.1"
    classnames "^2.2.6"
    rc-trigger "^5.0.4"

rc-field-form@~1.20.0:
  version "1.20.1"
  resolved "https://registry.yarnpkg.com/rc-field-form/-/rc-field-form-1.20.1.tgz#d1c51888107cf075b42704b7b575bef84c359291"
  integrity sha512-f64KEZop7zSlrG4ef/PLlH12SLn6iHDQ3sTG+RfKBM45hikwV1i8qMf53xoX12NvXXWg1VwchggX/FSso4bWaA==
  dependencies:
    "@babel/runtime" "^7.8.4"
    async-validator "^3.0.3"
    rc-util "^5.8.0"

rc-image@~5.2.5:
  version "5.2.5"
  resolved "https://registry.yarnpkg.com/rc-image/-/rc-image-5.2.5.tgz#44e6ffc842626827960e7ab72e1c0d6f3a8ce440"
  integrity sha512-qUfZjYIODxO0c8a8P5GeuclYXZjzW4hV/5hyo27XqSFo1DmTCs2HkVeQObkcIk5kNsJtgsj1KoPThVsSc/PXOw==
  dependencies:
    "@babel/runtime" "^7.11.2"
    classnames "^2.2.6"
    rc-dialog "~8.6.0"
    rc-util "^5.0.6"

rc-input-number@~7.1.0:
  version "7.1.4"
  resolved "https://registry.yarnpkg.com/rc-input-number/-/rc-input-number-7.1.4.tgz#9d7410c91ff8dc6384d0233c20df278982989f9a"
  integrity sha512-EG4iqkqyqzLRu/Dq+fw2od7nlgvXLEatE+J6uhi3HXE1qlM3C7L6a7o/hL9Ly9nimkES2IeQoj3Qda3I0izj3Q==
  dependencies:
    "@babel/runtime" "^7.10.1"
    classnames "^2.2.5"
    rc-util "^5.9.8"

rc-mentions@~1.6.1:
  version "1.6.1"
  resolved "https://registry.yarnpkg.com/rc-mentions/-/rc-mentions-1.6.1.tgz#46035027d64aa33ef840ba0fbd411871e34617ae"
  integrity sha512-LDzGI8jJVGnkhpTZxZuYBhMz3avcZZqPGejikchh97xPni/g4ht714Flh7DVvuzHQ+BoKHhIjobHnw1rcP8erg==
  dependencies:
    "@babel/runtime" "^7.10.1"
    classnames "^2.2.6"
    rc-menu "^9.0.0"
    rc-textarea "^0.3.0"
    rc-trigger "^5.0.4"
    rc-util "^5.0.1"

rc-menu@^9.0.0, rc-menu@~9.0.12:
  version "9.0.14"
  resolved "https://registry.yarnpkg.com/rc-menu/-/rc-menu-9.0.14.tgz#289bda4a2f6c5ebb3248e2e305d52cf0c73cb9d5"
  integrity sha512-CIox5mZeLDAi32SlHrV7UeSjv7tmJJhwRyxQtZCKt351w3q59XlL4WMFOmtT9gwIfP9h0XoxdBZUMe/xzkp78A==
  dependencies:
    "@babel/runtime" "^7.10.1"
    classnames "2.x"
    rc-motion "^2.4.3"
    rc-overflow "^1.2.0"
    rc-trigger "^5.1.2"
    rc-util "^5.12.0"
    shallowequal "^1.1.0"

rc-motion@^2.0.0, rc-motion@^2.0.1, rc-motion@^2.2.0, rc-motion@^2.3.0, rc-motion@^2.3.4, rc-motion@^2.4.0, rc-motion@^2.4.3:
  version "2.4.4"
  resolved "https://registry.yarnpkg.com/rc-motion/-/rc-motion-2.4.4.tgz#e995d5fa24fc93065c24f714857cf2677d655bb0"
  integrity sha512-ms7n1+/TZQBS0Ydd2Q5P4+wJTSOrhIrwNxLXCZpR7Fa3/oac7Yi803HDALc2hLAKaCTQtw9LmQeB58zcwOsqlQ==
  dependencies:
    "@babel/runtime" "^7.11.1"
    classnames "^2.2.1"
    rc-util "^5.2.1"

rc-notification@~4.5.7:
  version "4.5.7"
  resolved "https://registry.yarnpkg.com/rc-notification/-/rc-notification-4.5.7.tgz#265e6e6a0c1a0fac63d6abd4d832eb8ff31522f1"
  integrity sha512-zhTGUjBIItbx96SiRu3KVURcLOydLUHZCPpYEn1zvh+re//Tnq/wSxN4FKgp38n4HOgHSVxcLEeSxBMTeBBDdw==
  dependencies:
    "@babel/runtime" "^7.10.1"
    classnames "2.x"
    rc-motion "^2.2.0"
    rc-util "^5.0.1"

rc-overflow@^1.0.0, rc-overflow@^1.2.0:
  version "1.2.2"
  resolved "https://registry.yarnpkg.com/rc-overflow/-/rc-overflow-1.2.2.tgz#95b0222016c0cdbdc0db85f569c262e7706a5f22"
  integrity sha512-X5kj9LDU1ue5wHkqvCprJWLKC+ZLs3p4He/oxjZ1Q4NKaqKBaYf5OdSzRSgh3WH8kSdrfU8LjvlbWnHgJOEkNQ==
  dependencies:
    "@babel/runtime" "^7.11.1"
    classnames "^2.2.1"
    rc-resize-observer "^1.0.0"
    rc-util "^5.5.1"

rc-pagination@~3.1.9:
  version "3.1.9"
  resolved "https://registry.yarnpkg.com/rc-pagination/-/rc-pagination-3.1.9.tgz#797ad75d85b1ef7a82801207ead410110337fdd6"
  integrity sha512-IKBKaJ4icVPeEk9qRHrFBJmHxBUrCp3+nENBYob4Ofqsu3RXjBOy4N36zONO7oubgLyiG3PxVmyAuVlTkoc7Jg==
  dependencies:
    "@babel/runtime" "^7.10.1"
    classnames "^2.2.1"

rc-picker@~2.5.10:
  version "2.5.19"
  resolved "https://registry.yarnpkg.com/rc-picker/-/rc-picker-2.5.19.tgz#73d07546fac3992f0bfabf2789654acada39e46f"
  integrity sha512-u6myoCu/qiQ0vLbNzSzNrzTQhs7mldArCpPHrEI6OUiifs+IPXmbesqSm0zilJjfzrZJLgYeyyOMSznSlh0GKA==
  dependencies:
    "@babel/runtime" "^7.10.1"
    classnames "^2.2.1"
    date-fns "2.x"
    dayjs "1.x"
    moment "^2.24.0"
    rc-trigger "^5.0.4"
    rc-util "^5.4.0"
    shallowequal "^1.1.0"

rc-progress@~3.1.0:
  version "3.1.4"
  resolved "https://registry.yarnpkg.com/rc-progress/-/rc-progress-3.1.4.tgz#66040d0fae7d8ced2b38588378eccb2864bad615"
  integrity sha512-XBAif08eunHssGeIdxMXOmRQRULdHaDdIFENQ578CMb4dyewahmmfJRyab+hw4KH4XssEzzYOkAInTLS7JJG+Q==
  dependencies:
    "@babel/runtime" "^7.10.1"
    classnames "^2.2.6"

rc-rate@~2.9.0:
  version "2.9.1"
  resolved "https://registry.yarnpkg.com/rc-rate/-/rc-rate-2.9.1.tgz#e43cb95c4eb90a2c1e0b16ec6614d8c43530a731"
  integrity sha512-MmIU7FT8W4LYRRHJD1sgG366qKtSaKb67D0/vVvJYR0lrCuRrCiVQ5qhfT5ghVO4wuVIORGpZs7ZKaYu+KMUzA==
  dependencies:
    "@babel/runtime" "^7.10.1"
    classnames "^2.2.5"
    rc-util "^5.0.1"

rc-resize-observer@^1.0.0:
  version "1.0.1"
  resolved "https://registry.yarnpkg.com/rc-resize-observer/-/rc-resize-observer-1.0.1.tgz#ccd0986543ff1bf49f8a581e8ac4bb714ed24dcd"
  integrity sha512-OxO2mJI9e8610CAWBFfm52SPvWib0eNKjaSsRbbKHmLaJIxw944P+D61DlLJ/w2vuOjGNcalJu8VdqyNm/XCRg==
  dependencies:
    "@babel/runtime" "^7.10.1"
    classnames "^2.2.1"
    rc-util "^5.0.0"
    resize-observer-polyfill "^1.5.1"

rc-select@^12.0.0, rc-select@~12.1.6:
  version "12.1.13"
  resolved "https://registry.yarnpkg.com/rc-select/-/rc-select-12.1.13.tgz#c33560ccb9339d30695b52458f55efc35af35273"
  integrity sha512-cPI+aesP6dgCAaey4t4upDbEukJe+XN0DK6oO/6flcCX5o28o7KNZD7JAiVtC/6fCwqwI/kSs7S/43dvHmBl+A==
  dependencies:
    "@babel/runtime" "^7.10.1"
    classnames "2.x"
    rc-motion "^2.0.1"
    rc-overflow "^1.0.0"
    rc-trigger "^5.0.4"
    rc-util "^5.9.8"
    rc-virtual-list "^3.2.0"

rc-slider@~9.7.1:
  version "9.7.4"
  resolved "https://registry.yarnpkg.com/rc-slider/-/rc-slider-9.7.4.tgz#430c860723bf6445ebf53517b550417a2f25eed1"
  integrity sha512-pjLKLiDKiaL7/pNywfIBD+lDo5TtVo05KuIBSWEIoqu6FHh6IMWvthCiaODuYaVs3RLeF2nXOP5AjkD2Lt2Rwg==
  dependencies:
    "@babel/runtime" "^7.10.1"
    classnames "^2.2.5"
    rc-tooltip "^5.0.1"
    rc-util "^5.0.0"
    shallowequal "^1.1.0"

rc-steps@~4.1.0:
  version "4.1.4"
  resolved "https://registry.yarnpkg.com/rc-steps/-/rc-steps-4.1.4.tgz#0ba82db202d59ca52d0693dc9880dd145b19dc23"
  integrity sha512-qoCqKZWSpkh/b03ASGx1WhpKnuZcRWmvuW+ZUu4mvMdfvFzVxblTwUM+9aBd0mlEUFmt6GW8FXhMpHkK3Uzp3w==
  dependencies:
    "@babel/runtime" "^7.10.2"
    classnames "^2.2.3"
    rc-util "^5.0.1"

rc-switch@~3.2.0:
  version "3.2.2"
  resolved "https://registry.yarnpkg.com/rc-switch/-/rc-switch-3.2.2.tgz#d001f77f12664d52595b4f6fb425dd9e66fba8e8"
  integrity sha512-+gUJClsZZzvAHGy1vZfnwySxj+MjLlGRyXKXScrtCTcmiYNPzxDFOxdQ/3pK1Kt/0POvwJ/6ALOR8gwdXGhs+A==
  dependencies:
    "@babel/runtime" "^7.10.1"
    classnames "^2.2.1"
    rc-util "^5.0.1"

rc-table@~7.15.1:
  version "7.15.2"
  resolved "https://registry.yarnpkg.com/rc-table/-/rc-table-7.15.2.tgz#f6ab73b2cfb1c76f3cf9682c855561423c6b5b22"
  integrity sha512-TAs7kCpIZwc2mtvD8CMrXSM6TqJDUsy0rUEV1YgRru33T8bjtAtc+9xW/KC1VWROJlHSpU0R0kXjFs9h/6+IzQ==
  dependencies:
    "@babel/runtime" "^7.10.1"
    classnames "^2.2.5"
    rc-resize-observer "^1.0.0"
    rc-util "^5.13.0"
    shallowequal "^1.1.0"

rc-tabs@~11.10.0:
  version "11.10.2"
  resolved "https://registry.yarnpkg.com/rc-tabs/-/rc-tabs-11.10.2.tgz#478135f0e6a0c1ff49905638b27b9a5e8cd232a2"
  integrity sha512-qJCDXvDarn0MxeY14/tAeTRTdjlSDD4ZwraCa9gbSrnalTIxJiJ3NOFUGICvYT4t7lnhL2dmryAG3H6RdaD00Q==
  dependencies:
    "@babel/runtime" "^7.11.2"
    classnames "2.x"
    rc-dropdown "^3.2.0"
    rc-menu "^9.0.0"
    rc-resize-observer "^1.0.0"
    rc-util "^5.5.0"

rc-textarea@^0.3.0, rc-textarea@~0.3.0:
  version "0.3.5"
  resolved "https://registry.yarnpkg.com/rc-textarea/-/rc-textarea-0.3.5.tgz#07ed445dddb94e5ae6764676923a49bddad9b2ec"
  integrity sha512-qa+k5vDn9ct65qr+SgD2KwJ9Xz6P84lG2z+TDht/RBr71WnM/K61PqHUAcUyU6YqTJD26IXgjPuuhZR7HMw7eA==
  dependencies:
    "@babel/runtime" "^7.10.1"
    classnames "^2.2.1"
    rc-resize-observer "^1.0.0"
    rc-util "^5.7.0"

rc-tooltip@^5.0.1, rc-tooltip@~5.1.1:
  version "5.1.1"
  resolved "https://registry.yarnpkg.com/rc-tooltip/-/rc-tooltip-5.1.1.tgz#94178ed162d0252bc4993b725f5dc2ac0fccf154"
  integrity sha512-alt8eGMJulio6+4/uDm7nvV+rJq9bsfxFDCI0ljPdbuoygUscbsMYb6EQgwib/uqsXQUvzk+S7A59uYHmEgmDA==
  dependencies:
    "@babel/runtime" "^7.11.2"
    rc-trigger "^5.0.0"

rc-tree-select@~4.3.0:
  version "4.3.3"
  resolved "https://registry.yarnpkg.com/rc-tree-select/-/rc-tree-select-4.3.3.tgz#28eba4d8a8dc8c0f9b61d83ce465842a6915eca4"
  integrity sha512-0tilOHLJA6p+TNg4kD559XnDX3PTEYuoSF7m7ryzFLAYvdEEPtjn0QZc5z6L0sMKBiBlj8a2kf0auw8XyHU3lA==
  dependencies:
    "@babel/runtime" "^7.10.1"
    classnames "2.x"
    rc-select "^12.0.0"
    rc-tree "^4.0.0"
    rc-util "^5.0.5"

rc-tree@^4.0.0, rc-tree@~4.2.1:
  version "4.2.2"
  resolved "https://registry.yarnpkg.com/rc-tree/-/rc-tree-4.2.2.tgz#4429187cbbfbecbe989714a607e3de8b3ab7763f"
  integrity sha512-V1hkJt092VrOVjNyfj5IYbZKRMHxWihZarvA5hPL/eqm7o2+0SNkeidFYm7LVVBrAKBpOpa0l8xt04uiqOd+6w==
  dependencies:
    "@babel/runtime" "^7.10.1"
    classnames "2.x"
    rc-motion "^2.0.1"
    rc-util "^5.0.0"
    rc-virtual-list "^3.0.1"

rc-trigger@^5.0.0, rc-trigger@^5.0.4, rc-trigger@^5.1.2, rc-trigger@^5.2.10:
  version "5.2.10"
  resolved "https://registry.yarnpkg.com/rc-trigger/-/rc-trigger-5.2.10.tgz#8a0057a940b1b9027eaa33beec8a6ecd85cce2b1"
  integrity sha512-FkUf4H9BOFDaIwu42fvRycXMAvkttph9AlbCZXssZDVzz2L+QZ0ERvfB/4nX3ZFPh1Zd+uVGr1DEDeXxq4J1TA==
  dependencies:
    "@babel/runtime" "^7.11.2"
    classnames "^2.2.6"
    rc-align "^4.0.0"
    rc-motion "^2.0.0"
    rc-util "^5.5.0"

rc-upload@~4.3.0:
  version "4.3.2"
  resolved "https://registry.yarnpkg.com/rc-upload/-/rc-upload-4.3.2.tgz#3b56c8bdf7b25eab357e65453e032b7b10c6f3cc"
  integrity sha512-v0HdwC/19xKAn1OYZ4hTMUSqSs/IA0n1v4p/cioSSnKubHrdpcCXC45N+TFMSOZtBlf4+xMNCFo3KDih31lAMg==
  dependencies:
    "@babel/runtime" "^7.10.1"
    classnames "^2.2.5"
    rc-util "^5.2.0"

rc-util@^5.0.0, rc-util@^5.0.1, rc-util@^5.0.5, rc-util@^5.0.6, rc-util@^5.0.7, rc-util@^5.12.0, rc-util@^5.13.0, rc-util@^5.13.1, rc-util@^5.2.0, rc-util@^5.2.1, rc-util@^5.3.0, rc-util@^5.4.0, rc-util@^5.5.0, rc-util@^5.5.1, rc-util@^5.6.1, rc-util@^5.7.0, rc-util@^5.8.0, rc-util@^5.9.4, rc-util@^5.9.8:
  version "5.14.0"
  resolved "https://registry.yarnpkg.com/rc-util/-/rc-util-5.14.0.tgz#52c650e27570c2c47f7936c7d32eaec5212492a8"
  integrity sha512-2vy6/Z1BJUcwLjm/UEJb/htjUTQPigITUIemCcFEo1fQevAumc9sA32x2z5qyWoa9uhrXbiAjSDpPIUqyg65sA==
  dependencies:
    "@babel/runtime" "^7.12.5"
    react-is "^16.12.0"
    shallowequal "^1.1.0"

rc-virtual-list@^3.0.1, rc-virtual-list@^3.2.0:
  version "3.4.2"
  resolved "https://registry.yarnpkg.com/rc-virtual-list/-/rc-virtual-list-3.4.2.tgz#1078327aa7230b5e456d679ed2ce99f3c036ebd1"
  integrity sha512-OyVrrPvvFcHvV0ssz5EDZ+7Rf5qLat/+mmujjchNw5FfbJWNDwkpQ99EcVE6+FtNRmX9wFa1LGNpZLUTvp/4GQ==
  dependencies:
    classnames "^2.2.6"
    rc-resize-observer "^1.0.0"
    rc-util "^5.0.7"

react-dropzone@^11.4.2:
  version "11.4.2"
  resolved "https://registry.yarnpkg.com/react-dropzone/-/react-dropzone-11.4.2.tgz#1eb99e9def4cc7520f4f58e85c853ce52c483d56"
  integrity sha512-ocYzYn7Qgp0tFc1gQtUTOaHHSzVTwhWHxxY+r7cj2jJTPfMTZB5GWSJHdIVoxsl+EQENpjJ/6Zvcw0BqKZQ+Eg==
  dependencies:
    attr-accept "^2.2.1"
    file-selector "^0.2.2"
    prop-types "^15.7.2"

react-fast-compare@^2.0.1:
  version "2.0.4"
  resolved "https://registry.yarnpkg.com/react-fast-compare/-/react-fast-compare-2.0.4.tgz#e84b4d455b0fec113e0402c329352715196f81f9"
  integrity sha512-suNP+J1VU1MWFKcyt7RtjiSWUjvidmQSlqu+eHslq+342xCbGTYmC0mEhPCOHxlW0CywylOC1u2DFAT+bv4dBw==

react-is@^16.12.0, react-is@^16.7.0, react-is@^16.8.1:
  version "16.13.1"
  resolved "https://registry.yarnpkg.com/react-is/-/react-is-16.13.1.tgz#789729a4dc36de2999dc156dd6c1d9c18cea56a4"
  integrity sha512-24e6ynE2H+OKt4kqsOvNd8kBpV65zoxbA4BVsEOB3ARVWQki/DHzaUoC5KuON/BiccDaCCTZBuOcfZs70kR8bQ==

react-is@^17.0.2:
  version "17.0.2"
  resolved "https://registry.yarnpkg.com/react-is/-/react-is-17.0.2.tgz#e691d4a8e9c789365655539ab372762b0efb54f0"
  integrity sha512-w2GsyukL62IJnlaff/nRegPQR94C/XXamvMWmSHRJ4y7Ts/4ocGRmTHvOs8PSE6pB3dWOrD/nueuU5sduBsQ4w==

react-redux@^7.2.6:
  version "7.2.6"
  resolved "https://registry.yarnpkg.com/react-redux/-/react-redux-7.2.6.tgz#49633a24fe552b5f9caf58feb8a138936ddfe9aa"
  integrity sha512-10RPdsz0UUrRL1NZE0ejTkucnclYSgXp5q+tB5SWx2qeG2ZJQJyymgAhwKy73yiL/13btfB6fPr+rgbMAaZIAQ==
  dependencies:
    "@babel/runtime" "^7.15.4"
    "@types/react-redux" "^7.1.20"
    hoist-non-react-statics "^3.3.2"
    loose-envify "^1.4.0"
    prop-types "^15.7.2"
    react-is "^17.0.2"

redux@^4.0.0:
  version "4.1.2"
  resolved "https://registry.yarnpkg.com/redux/-/redux-4.1.2.tgz#140f35426d99bb4729af760afcf79eaaac407104"
  integrity sha512-SH8PglcebESbd/shgf6mii6EIoRM0zrQyjcuQ+ojmfxjTtE0z9Y8pa62iA/OJ58qjP6j27uyW4kUF4jl/jd6sw==
  dependencies:
    "@babel/runtime" "^7.9.2"

regenerator-runtime@^0.13.4:
  version "0.13.9"
  resolved "https://registry.yarnpkg.com/regenerator-runtime/-/regenerator-runtime-0.13.9.tgz#8925742a98ffd90814988d7566ad30ca3b263b52"
  integrity sha512-p3VT+cOEgxFsRRA9X4lkI1E+k2/CtnKtU4gcxyaCUreilL/vqI6CdZ3wxVUx3UOUg+gnUOQQcRI7BmSI656MYA==

resize-observer-polyfill@^1.5.0, resize-observer-polyfill@^1.5.1:
  version "1.5.1"
  resolved "https://registry.yarnpkg.com/resize-observer-polyfill/-/resize-observer-polyfill-1.5.1.tgz#0e9020dd3d21024458d4ebd27e23e40269810464"
  integrity sha512-LwZrotdHOo12nQuZlHEmtuXdqGoOD0OhaxopaNFxWzInpEgaLWoVuAMbTzixuosCx2nEG58ngzW3vxdWoxIgdg==

scroll-into-view-if-needed@^2.2.25:
  version "2.2.28"
  resolved "https://registry.yarnpkg.com/scroll-into-view-if-needed/-/scroll-into-view-if-needed-2.2.28.tgz#5a15b2f58a52642c88c8eca584644e01703d645a"
  integrity sha512-8LuxJSuFVc92+0AdNv4QOxRL4Abeo1DgLnGNkn1XlaujPH/3cCFz3QI60r2VNu4obJJROzgnIUw5TKQkZvZI1w==
  dependencies:
    compute-scroll-into-view "^1.0.17"

shallowequal@^1.1.0:
  version "1.1.0"
  resolved "https://registry.yarnpkg.com/shallowequal/-/shallowequal-1.1.0.tgz#188d521de95b9087404fd4dcb68b13df0ae4e7f8"
  integrity sha512-y0m1JoUZSlPAjXVtPPW70aZWfIL/dSP7AFkRnniLCrK/8MDKog3TySTBmckD+RObVxH0v4Tox67+F14PdED2oQ==

string-convert@^0.2.0:
  version "0.2.1"
  resolved "https://registry.yarnpkg.com/string-convert/-/string-convert-0.2.1.tgz#6982cc3049fbb4cd85f8b24568b9d9bf39eeff97"
  integrity sha1-aYLMMEn7tM2F+LJFaLnZvznu/5c=

tiny-warning@^1.0.2:
  version "1.0.3"
  resolved "https://registry.yarnpkg.com/tiny-warning/-/tiny-warning-1.0.3.tgz#94a30db453df4c643d0fd566060d60a875d84754"
  integrity sha512-lBN9zLN/oAf68o3zNXYrdCt1kP8WsiGW8Oo2ka41b2IM5JL/S1CTyX1rW0mb/zSuJun0ZUrDxx4sqvYS2FWzPA==

toggle-selection@^1.0.6:
  version "1.0.6"
  resolved "https://registry.yarnpkg.com/toggle-selection/-/toggle-selection-1.0.6.tgz#6e45b1263f2017fa0acc7d89d78b15b8bf77da32"
  integrity sha1-bkWxJj8gF/oKzH2J14sVuL932jI=

toposort@^2.0.2:
  version "2.0.2"
  resolved "https://registry.yarnpkg.com/toposort/-/toposort-2.0.2.tgz#ae21768175d1559d48bef35420b2f4962f09c330"
  integrity sha1-riF2gXXRVZ1IvvNUILL0li8JwzA=

tslib@^1.10.0:
  version "1.14.1"
  resolved "https://registry.yarnpkg.com/tslib/-/tslib-1.14.1.tgz#cf2d38bdc34a134bcaf1091c41f6619e2f672d00"
  integrity sha512-Xni35NKzjgMrwevysHTCArtLDpPvye8zV/0E4EyYn43P7/7qvQwPh9BGkHewbMulVntbigmcT7rdX3BNo9wRJg==

tslib@^2.0.3:
  version "2.3.1"
  resolved "https://registry.yarnpkg.com/tslib/-/tslib-2.3.1.tgz#e8a335add5ceae51aa261d32a490158ef042ef01"
  integrity sha512-77EbyPPpMz+FRFRuAFlWMtmgUWGe9UOG2Z25NqCwiIjRhOf5iKGuzSe5P2w1laq+FkRy4p+PCuVkJSGkzTEKVw==

warning@^4.0.1:
  version "4.0.3"
  resolved "https://registry.yarnpkg.com/warning/-/warning-4.0.3.tgz#16e9e077eb8a86d6af7d64aa1e05fd85b4678ca3"
  integrity sha512-rpJyN222KWIvHJ/F53XSZv0Zl/accqHR8et1kpaMTD/fLCRxtV8iX8czMzY7sVZupTI3zcUTg8eycS2kNF9l6w==
  dependencies:
    loose-envify "^1.0.0"

yup@^0.32.11:
  version "0.32.11"
  resolved "https://registry.yarnpkg.com/yup/-/yup-0.32.11.tgz#d67fb83eefa4698607982e63f7ca4c5ed3cf18c5"
  integrity sha512-Z2Fe1bn+eLstG8DRR6FTavGD+MeAwyfmouhHsIUgaADz8jvFKbO/fXc2trJKZg+5EBjh4gGm3iU/t3onKlXHIg==
  dependencies:
    "@babel/runtime" "^7.15.4"
    "@types/lodash" "^4.14.175"
    lodash "^4.17.21"
    lodash-es "^4.17.21"
    nanoclone "^0.2.1"
    property-expr "^2.0.4"
    toposort "^2.0.2"
